// !$*UTF8*$!
{
	archiveVersion = 1;
	classes = {
	};
	objectVersion = 48;
	objects = {

/* Begin PBXBuildFile section */
		D79E6D9D2010469800086518 /* AppDelegate.m in Sources */ = {isa = PBXBuildFile; fileRef = D79E6D9C2010469800086518 /* AppDelegate.m */; };
		D79E6DA02010469800086518 /* ViewController.m in Sources */ = {isa = PBXBuildFile; fileRef = D79E6D9F2010469800086518 /* ViewController.m */; };
		D79E6DA32010469800086518 /* Main.storyboard in Resources */ = {isa = PBXBuildFile; fileRef = D79E6DA12010469800086518 /* Main.storyboard */; };
		D79E6DA52010469800086518 /* Assets.xcassets in Resources */ = {isa = PBXBuildFile; fileRef = D79E6DA42010469800086518 /* Assets.xcassets */; };
		D79E6DA82010469800086518 /* LaunchScreen.storyboard in Resources */ = {isa = PBXBuildFile; fileRef = D79E6DA62010469800086518 /* LaunchScreen.storyboard */; };
		D79E6DAB2010469800086518 /* main.m in Sources */ = {isa = PBXBuildFile; fileRef = D79E6DAA2010469800086518 /* main.m */; };
		D79E6DB52010469800086518 /* DeleteCellTests.m in Sources */ = {isa = PBXBuildFile; fileRef = D79E6DB42010469800086518 /* DeleteCellTests.m */; };
		D79E6DC02010469800086518 /* DeleteCellUITests.m in Sources */ = {isa = PBXBuildFile; fileRef = D79E6DBF2010469800086518 /* DeleteCellUITests.m */; };
		D79E6DCF20104CBA00086518 /* NSArray+SafeWrapper.m in Sources */ = {isa = PBXBuildFile; fileRef = D79E6DCE20104CBA00086518 /* NSArray+SafeWrapper.m */; };
		D79E6DD220104FB600086518 /* NSMutableArray+SafeWrapper.m in Sources */ = {isa = PBXBuildFile; fileRef = D79E6DD120104FB600086518 /* NSMutableArray+SafeWrapper.m */; };
/* End PBXBuildFile section */

/* Begin PBXContainerItemProxy section */
		D79E6DB12010469800086518 /* PBXContainerItemProxy */ = {
			isa = PBXContainerItemProxy;
			containerPortal = D79E6D902010469800086518 /* Project object */;
			proxyType = 1;
			remoteGlobalIDString = D79E6D972010469800086518;
			remoteInfo = DeleteCell;
		};
		D79E6DBC2010469800086518 /* PBXContainerItemProxy */ = {
			isa = PBXContainerItemProxy;
			containerPortal = D79E6D902010469800086518 /* Project object */;
			proxyType = 1;
			remoteGlobalIDString = D79E6D972010469800086518;
			remoteInfo = DeleteCell;
		};
/* End PBXContainerItemProxy section */

/* Begin PBXFileReference section */
		D79E6D982010469800086518 /* DeleteCell.app */ = {isa = PBXFileReference; explicitFileType = wrapper.application; includeInIndex = 0; path = DeleteCell.app; sourceTree = BUILT_PRODUCTS_DIR; };
		D79E6D9B2010469800086518 /* AppDelegate.h */ = {isa = PBXFileReference; lastKnownFileType = sourcecode.c.h; path = AppDelegate.h; sourceTree = "<group>"; };
		D79E6D9C2010469800086518 /* AppDelegate.m */ = {isa = PBXFileReference; lastKnownFileType = sourcecode.c.objc; path = AppDelegate.m; sourceTree = "<group>"; };
		D79E6D9E2010469800086518 /* ViewController.h */ = {isa = PBXFileReference; lastKnownFileType = sourcecode.c.h; path = ViewController.h; sourceTree = "<group>"; };
		D79E6D9F2010469800086518 /* ViewController.m */ = {isa = PBXFileReference; lastKnownFileType = sourcecode.c.objc; path = ViewController.m; sourceTree = "<group>"; };
		D79E6DA22010469800086518 /* Base */ = {isa = PBXFileReference; lastKnownFileType = file.storyboard; name = Base; path = Base.lproj/Main.storyboard; sourceTree = "<group>"; };
		D79E6DA42010469800086518 /* Assets.xcassets */ = {isa = PBXFileReference; lastKnownFileType = folder.assetcatalog; path = Assets.xcassets; sourceTree = "<group>"; };
		D79E6DA72010469800086518 /* Base */ = {isa = PBXFileReference; lastKnownFileType = file.storyboard; name = Base; path = Base.lproj/LaunchScreen.storyboard; sourceTree = "<group>"; };
		D79E6DA92010469800086518 /* Info.plist */ = {isa = PBXFileReference; lastKnownFileType = text.plist.xml; path = Info.plist; sourceTree = "<group>"; };
		D79E6DAA2010469800086518 /* main.m */ = {isa = PBXFileReference; lastKnownFileType = sourcecode.c.objc; path = main.m; sourceTree = "<group>"; };
		D79E6DB02010469800086518 /* DeleteCellTests.xctest */ = {isa = PBXFileReference; explicitFileType = wrapper.cfbundle; includeInIndex = 0; path = DeleteCellTests.xctest; sourceTree = BUILT_PRODUCTS_DIR; };
		D79E6DB42010469800086518 /* DeleteCellTests.m */ = {isa = PBXFileReference; lastKnownFileType = sourcecode.c.objc; path = DeleteCellTests.m; sourceTree = "<group>"; };
		D79E6DB62010469800086518 /* Info.plist */ = {isa = PBXFileReference; lastKnownFileType = text.plist.xml; path = Info.plist; sourceTree = "<group>"; };
		D79E6DBB2010469800086518 /* DeleteCellUITests.xctest */ = {isa = PBXFileReference; explicitFileType = wrapper.cfbundle; includeInIndex = 0; path = DeleteCellUITests.xctest; sourceTree = BUILT_PRODUCTS_DIR; };
		D79E6DBF2010469800086518 /* DeleteCellUITests.m */ = {isa = PBXFileReference; lastKnownFileType = sourcecode.c.objc; path = DeleteCellUITests.m; sourceTree = "<group>"; };
		D79E6DC12010469800086518 /* Info.plist */ = {isa = PBXFileReference; lastKnownFileType = text.plist.xml; path = Info.plist; sourceTree = "<group>"; };
		D79E6DCD20104CBA00086518 /* NSArray+SafeWrapper.h */ = {isa = PBXFileReference; fileEncoding = 4; lastKnownFileType = sourcecode.c.h; path = "NSArray+SafeWrapper.h"; sourceTree = "<group>"; };
		D79E6DCE20104CBA00086518 /* NSArray+SafeWrapper.m */ = {isa = PBXFileReference; fileEncoding = 4; lastKnownFileType = sourcecode.c.objc; path = "NSArray+SafeWrapper.m"; sourceTree = "<group>"; };
		D79E6DD020104FB600086518 /* NSMutableArray+SafeWrapper.h */ = {isa = PBXFileReference; lastKnownFileType = sourcecode.c.h; path = "NSMutableArray+SafeWrapper.h"; sourceTree = "<group>"; };
		D79E6DD120104FB600086518 /* NSMutableArray+SafeWrapper.m */ = {isa = PBXFileReference; lastKnownFileType = sourcecode.c.objc; path = "NSMutableArray+SafeWrapper.m"; sourceTree = "<group>"; };
/* End PBXFileReference section */

/* Begin PBXFrameworksBuildPhase section */
		D79E6D952010469800086518 /* Frameworks */ = {
			isa = PBXFrameworksBuildPhase;
			buildActionMask = 2147483647;
			files = (
			);
			runOnlyForDeploymentPostprocessing = 0;
		};
		D79E6DAD2010469800086518 /* Frameworks */ = {
			isa = PBXFrameworksBuildPhase;
			buildActionMask = 2147483647;
			files = (
			);
			runOnlyForDeploymentPostprocessing = 0;
		};
		D79E6DB82010469800086518 /* Frameworks */ = {
			isa = PBXFrameworksBuildPhase;
			buildActionMask = 2147483647;
			files = (
			);
			runOnlyForDeploymentPostprocessing = 0;
		};
/* End PBXFrameworksBuildPhase section */

/* Begin PBXGroup section */
		D79E6D8F2010469800086518 = {
			isa = PBXGroup;
			children = (
				D79E6D9A2010469800086518 /* DeleteCell */,
				D79E6DB32010469800086518 /* DeleteCellTests */,
				D79E6DBE2010469800086518 /* DeleteCellUITests */,
				D79E6D992010469800086518 /* Products */,
			);
			sourceTree = "<group>";
		};
		D79E6D992010469800086518 /* Products */ = {
			isa = PBXGroup;
			children = (
				D79E6D982010469800086518 /* DeleteCell.app */,
				D79E6DB02010469800086518 /* DeleteCellTests.xctest */,
				D79E6DBB2010469800086518 /* DeleteCellUITests.xctest */,
			);
			name = Products;
			sourceTree = "<group>";
		};
		D79E6D9A2010469800086518 /* DeleteCell */ = {
			isa = PBXGroup;
			children = (
				D79E6D9B2010469800086518 /* AppDelegate.h */,
				D79E6D9C2010469800086518 /* AppDelegate.m */,
				D79E6D9E2010469800086518 /* ViewController.h */,
				D79E6D9F2010469800086518 /* ViewController.m */,
				D79E6DCD20104CBA00086518 /* NSArray+SafeWrapper.h */,
				D79E6DCE20104CBA00086518 /* NSArray+SafeWrapper.m */,
				D79E6DD020104FB600086518 /* NSMutableArray+SafeWrapper.h */,
				D79E6DD120104FB600086518 /* NSMutableArray+SafeWrapper.m */,
				D79E6DA12010469800086518 /* Main.storyboard */,
				D79E6DA42010469800086518 /* Assets.xcassets */,
				D79E6DA62010469800086518 /* LaunchScreen.storyboard */,
				D79E6DA92010469800086518 /* Info.plist */,
				D79E6DAA2010469800086518 /* main.m */,
			);
			path = DeleteCell;
			sourceTree = "<group>";
		};
		D79E6DB32010469800086518 /* DeleteCellTests */ = {
			isa = PBXGroup;
			children = (
				D79E6DB42010469800086518 /* DeleteCellTests.m */,
				D79E6DB62010469800086518 /* Info.plist */,
			);
			path = DeleteCellTests;
			sourceTree = "<group>";
		};
		D79E6DBE2010469800086518 /* DeleteCellUITests */ = {
			isa = PBXGroup;
			children = (
				D79E6DBF2010469800086518 /* DeleteCellUITests.m */,
				D79E6DC12010469800086518 /* Info.plist */,
			);
			path = DeleteCellUITests;
			sourceTree = "<group>";
		};
/* End PBXGroup section */

/* Begin PBXNativeTarget section */
		D79E6D972010469800086518 /* DeleteCell */ = {
			isa = PBXNativeTarget;
			buildConfigurationList = D79E6DC42010469800086518 /* Build configuration list for PBXNativeTarget "DeleteCell" */;
			buildPhases = (
				D79E6D942010469800086518 /* Sources */,
				D79E6D952010469800086518 /* Frameworks */,
				D79E6D962010469800086518 /* Resources */,
			);
			buildRules = (
			);
			dependencies = (
			);
			name = DeleteCell;
			productName = DeleteCell;
			productReference = D79E6D982010469800086518 /* DeleteCell.app */;
			productType = "com.apple.product-type.application";
		};
		D79E6DAF2010469800086518 /* DeleteCellTests */ = {
			isa = PBXNativeTarget;
			buildConfigurationList = D79E6DC72010469800086518 /* Build configuration list for PBXNativeTarget "DeleteCellTests" */;
			buildPhases = (
				D79E6DAC2010469800086518 /* Sources */,
				D79E6DAD2010469800086518 /* Frameworks */,
				D79E6DAE2010469800086518 /* Resources */,
			);
			buildRules = (
			);
			dependencies = (
				D79E6DB22010469800086518 /* PBXTargetDependency */,
			);
			name = DeleteCellTests;
			productName = DeleteCellTests;
			productReference = D79E6DB02010469800086518 /* DeleteCellTests.xctest */;
			productType = "com.apple.product-type.bundle.unit-test";
		};
		D79E6DBA2010469800086518 /* DeleteCellUITests */ = {
			isa = PBXNativeTarget;
			buildConfigurationList = D79E6DCA2010469800086518 /* Build configuration list for PBXNativeTarget "DeleteCellUITests" */;
			buildPhases = (
				D79E6DB72010469800086518 /* Sources */,
				D79E6DB82010469800086518 /* Frameworks */,
				D79E6DB92010469800086518 /* Resources */,
			);
			buildRules = (
			);
			dependencies = (
				D79E6DBD2010469800086518 /* PBXTargetDependency */,
			);
			name = DeleteCellUITests;
			productName = DeleteCellUITests;
			productReference = D79E6DBB2010469800086518 /* DeleteCellUITests.xctest */;
			productType = "com.apple.product-type.bundle.ui-testing";
		};
/* End PBXNativeTarget section */

/* Begin PBXProject section */
		D79E6D902010469800086518 /* Project object */ = {
			isa = PBXProject;
			attributes = {
				LastUpgradeCheck = 0920;
				ORGANIZATIONNAME = dev;
				TargetAttributes = {
					D79E6D972010469800086518 = {
						CreatedOnToolsVersion = 9.2;
						ProvisioningStyle = Automatic;
					};
					D79E6DAF2010469800086518 = {
						CreatedOnToolsVersion = 9.2;
						ProvisioningStyle = Automatic;
						TestTargetID = D79E6D972010469800086518;
					};
					D79E6DBA2010469800086518 = {
						CreatedOnToolsVersion = 9.2;
						ProvisioningStyle = Automatic;
						TestTargetID = D79E6D972010469800086518;
					};
				};
			};
			buildConfigurationList = D79E6D932010469800086518 /* Build configuration list for PBXProject "DeleteCell" */;
			compatibilityVersion = "Xcode 8.0";
			developmentRegion = en;
			hasScannedForEncodings = 0;
			knownRegions = (
				en,
				Base,
			);
			mainGroup = D79E6D8F2010469800086518;
			productRefGroup = D79E6D992010469800086518 /* Products */;
			projectDirPath = "";
			projectRoot = "";
			targets = (
				D79E6D972010469800086518 /* DeleteCell */,
				D79E6DAF2010469800086518 /* DeleteCellTests */,
				D79E6DBA2010469800086518 /* DeleteCellUITests */,
			);
		};
/* End PBXProject section */

/* Begin PBXResourcesBuildPhase section */
		D79E6D962010469800086518 /* Resources */ = {
			isa = PBXResourcesBuildPhase;
			buildActionMask = 2147483647;
			files = (
				D79E6DA82010469800086518 /* LaunchScreen.storyboard in Resources */,
				D79E6DA52010469800086518 /* Assets.xcassets in Resources */,
				D79E6DA32010469800086518 /* Main.storyboard in Resources */,
			);
			runOnlyForDeploymentPostprocessing = 0;
		};
		D79E6DAE2010469800086518 /* Resources */ = {
			isa = PBXResourcesBuildPhase;
			buildActionMask = 2147483647;
			files = (
			);
			runOnlyForDeploymentPostprocessing = 0;
		};
		D79E6DB92010469800086518 /* Resources */ = {
			isa = PBXResourcesBuildPhase;
			buildActionMask = 2147483647;
			files = (
			);
			runOnlyForDeploymentPostprocessing = 0;
		};
/* End PBXResourcesBuildPhase section */

/* Begin PBXSourcesBuildPhase section */
		D79E6D942010469800086518 /* Sources */ = {
			isa = PBXSourcesBuildPhase;
			buildActionMask = 2147483647;
			files = (
				D79E6DD220104FB600086518 /* NSMutableArray+SafeWrapper.m in Sources */,
				D79E6DA02010469800086518 /* ViewController.m in Sources */,
				D79E6DAB2010469800086518 /* main.m in Sources */,
				D79E6D9D2010469800086518 /* AppDelegate.m in Sources */,
				D79E6DCF20104CBA00086518 /* NSArray+SafeWrapper.m in Sources */,
			);
			runOnlyForDeploymentPostprocessing = 0;
		};
		D79E6DAC2010469800086518 /* Sources */ = {
			isa = PBXSourcesBuildPhase;
			buildActionMask = 2147483647;
			files = (
				D79E6DB52010469800086518 /* DeleteCellTests.m in Sources */,
			);
			runOnlyForDeploymentPostprocessing = 0;
		};
		D79E6DB72010469800086518 /* Sources */ = {
			isa = PBXSourcesBuildPhase;
			buildActionMask = 2147483647;
			files = (
				D79E6DC02010469800086518 /* DeleteCellUITests.m in Sources */,
			);
			runOnlyForDeploymentPostprocessing = 0;
		};
/* End PBXSourcesBuildPhase section */

/* Begin PBXTargetDependency section */
		D79E6DB22010469800086518 /* PBXTargetDependency */ = {
			isa = PBXTargetDependency;
			target = D79E6D972010469800086518 /* DeleteCell */;
			targetProxy = D79E6DB12010469800086518 /* PBXContainerItemProxy */;
		};
		D79E6DBD2010469800086518 /* PBXTargetDependency */ = {
			isa = PBXTargetDependency;
			target = D79E6D972010469800086518 /* DeleteCell */;
			targetProxy = D79E6DBC2010469800086518 /* PBXContainerItemProxy */;
		};
/* End PBXTargetDependency section */

/* Begin PBXVariantGroup section */
		D79E6DA12010469800086518 /* Main.storyboard */ = {
			isa = PBXVariantGroup;
			children = (
				D79E6DA22010469800086518 /* Base */,
			);
			name = Main.storyboard;
			sourceTree = "<group>";
		};
		D79E6DA62010469800086518 /* LaunchScreen.storyboard */ = {
			isa = PBXVariantGroup;
			children = (
				D79E6DA72010469800086518 /* Base */,
			);
			name = LaunchScreen.storyboard;
			sourceTree = "<group>";
		};
/* End PBXVariantGroup section */

/* Begin XCBuildConfiguration section */
		D79E6DC22010469800086518 /* Debug */ = {
			isa = XCBuildConfiguration;
			buildSettings = {
				ALWAYS_SEARCH_USER_PATHS = NO;
				CLANG_ANALYZER_NONNULL = YES;
				CLANG_ANALYZER_NUMBER_OBJECT_CONVERSION = YES_AGGRESSIVE;
				CLANG_CXX_LANGUAGE_STANDARD = "gnu++14";
				CLANG_CXX_LIBRARY = "libc++";
				CLANG_ENABLE_MODULES = YES;
				CLANG_ENABLE_OBJC_ARC = YES;
				CLANG_WARN_BLOCK_CAPTURE_AUTORELEASING = YES;
				CLANG_WARN_BOOL_CONVERSION = YES;
				CLANG_WARN_COMMA = YES;
				CLANG_WARN_CONSTANT_CONVERSION = YES;
				CLANG_WARN_DIRECT_OBJC_ISA_USAGE = YES_ERROR;
				CLANG_WARN_DOCUMENTATION_COMMENTS = YES;
				CLANG_WARN_EMPTY_BODY = YES;
				CLANG_WARN_ENUM_CONVERSION = YES;
				CLANG_WARN_INFINITE_RECURSION = YES;
				CLANG_WARN_INT_CONVERSION = YES;
				CLANG_WARN_NON_LITERAL_NULL_CONVERSION = YES;
				CLANG_WARN_OBJC_LITERAL_CONVERSION = YES;
				CLANG_WARN_OBJC_ROOT_CLASS = YES_ERROR;
				CLANG_WARN_RANGE_LOOP_ANALYSIS = YES;
				CLANG_WARN_STRICT_PROTOTYPES = YES;
				CLANG_WARN_SUSPICIOUS_MOVE = YES;
				CLANG_WARN_UNGUARDED_AVAILABILITY = YES_AGGRESSIVE;
				CLANG_WARN_UNREACHABLE_CODE = YES;
				CLANG_WARN__DUPLICATE_METHOD_MATCH = YES;
				CODE_SIGN_IDENTITY = "iPhone Developer";
				COPY_PHASE_STRIP = NO;
				DEBUG_INFORMATION_FORMAT = dwarf;
				ENABLE_STRICT_OBJC_MSGSEND = YES;
				ENABLE_TESTABILITY = YES;
				GCC_C_LANGUAGE_STANDARD = gnu11;
				GCC_DYNAMIC_NO_PIC = NO;
				GCC_NO_COMMON_BLOCKS = YES;
				GCC_OPTIMIZATION_LEVEL = 0;
				GCC_PREPROCESSOR_DEFINITIONS = (
					"DEBUG=1",
					"$(inherited)",
				);
				GCC_WARN_64_TO_32_BIT_CONVERSION = YES;
				GCC_WARN_ABOUT_RETURN_TYPE = YES_ERROR;
				GCC_WARN_UNDECLARED_SELECTOR = YES;
				GCC_WARN_UNINITIALIZED_AUTOS = YES_AGGRESSIVE;
				GCC_WARN_UNUSED_FUNCTION = YES;
				GCC_WARN_UNUSED_VARIABLE = YES;
				IPHONEOS_DEPLOYMENT_TARGET = 11.2;
				MTL_ENABLE_DEBUG_INFO = YES;
				ONLY_ACTIVE_ARCH = YES;
				SDKROOT = iphoneos;
			};
			name = Debug;
		};
		D79E6DC32010469800086518 /* Release */ = {
			isa = XCBuildConfiguration;
			buildSettings = {
				ALWAYS_SEARCH_USER_PATHS = NO;
				CLANG_ANALYZER_NONNULL = YES;
				CLANG_ANALYZER_NUMBER_OBJECT_CONVERSION = YES_AGGRESSIVE;
				CLANG_CXX_LANGUAGE_STANDARD = "gnu++14";
				CLANG_CXX_LIBRARY = "libc++";
				CLANG_ENABLE_MODULES = YES;
				CLANG_ENABLE_OBJC_ARC = YES;
				CLANG_WARN_BLOCK_CAPTURE_AUTORELEASING = YES;
				CLANG_WARN_BOOL_CONVERSION = YES;
				CLANG_WARN_COMMA = YES;
				CLANG_WARN_CONSTANT_CONVERSION = YES;
				CLANG_WARN_DIRECT_OBJC_ISA_USAGE = YES_ERROR;
				CLANG_WARN_DOCUMENTATION_COMMENTS = YES;
				CLANG_WARN_EMPTY_BODY = YES;
				CLANG_WARN_ENUM_CONVERSION = YES;
				CLANG_WARN_INFINITE_RECURSION = YES;
				CLANG_WARN_INT_CONVERSION = YES;
				CLANG_WARN_NON_LITERAL_NULL_CONVERSION = YES;
				CLANG_WARN_OBJC_LITERAL_CONVERSION = YES;
				CLANG_WARN_OBJC_ROOT_CLASS = YES_ERROR;
				CLANG_WARN_RANGE_LOOP_ANALYSIS = YES;
				CLANG_WARN_STRICT_PROTOTYPES = YES;
				CLANG_WARN_SUSPICIOUS_MOVE = YES;
				CLANG_WARN_UNGUARDED_AVAILABILITY = YES_AGGRESSIVE;
				CLANG_WARN_UNREACHABLE_CODE = YES;
				CLANG_WARN__DUPLICATE_METHOD_MATCH = YES;
				CODE_SIGN_IDENTITY = "iPhone Developer";
				COPY_PHASE_STRIP = NO;
				DEBUG_INFORMATION_FORMAT = "dwarf-with-dsym";
				ENABLE_NS_ASSERTIONS = NO;
				ENABLE_STRICT_OBJC_MSGSEND = YES;
				GCC_C_LANGUAGE_STANDARD = gnu11;
				GCC_NO_COMMON_BLOCKS = YES;
				GCC_WARN_64_TO_32_BIT_CONVERSION = YES;
				GCC_WARN_ABOUT_RETURN_TYPE = YES_ERROR;
				GCC_WARN_UNDECLARED_SELECTOR = YES;
				GCC_WARN_UNINITIALIZED_AUTOS = YES_AGGRESSIVE;
				GCC_WARN_UNUSED_FUNCTION = YES;
				GCC_WARN_UNUSED_VARIABLE = YES;
				IPHONEOS_DEPLOYMENT_TARGET = 11.2;
				MTL_ENABLE_DEBUG_INFO = NO;
				SDKROOT = iphoneos;
				VALIDATE_PRODUCT = YES;
			};
			name = Release;
		};
		D79E6DC52010469800086518 /* Debug */ = {
			isa = XCBuildConfiguration;
			buildSettings = {
				ASSETCATALOG_COMPILER_APPICON_NAME = AppIcon;
				CODE_SIGN_STYLE = Automatic;
				DEVELOPMENT_TEAM = 44HU6MVQN2;
				INFOPLIST_FILE = DeleteCell/Info.plist;
				LD_RUNPATH_SEARCH_PATHS = "$(inherited) @executable_path/Frameworks";
				PRODUCT_BUNDLE_IDENTIFIER = com.WestCoast.DeleteCell;
				PRODUCT_NAME = "$(TARGET_NAME)";
				TARGETED_DEVICE_FAMILY = "1,2";
			};
			name = Debug;
		};
		D79E6DC62010469800086518 /* Release */ = {
			isa = XCBuildConfiguration;
			buildSettings = {
				ASSETCATALOG_COMPILER_APPICON_NAME = AppIcon;
				CODE_SIGN_STYLE = Automatic;
				DEVELOPMENT_TEAM = 44HU6MVQN2;
				INFOPLIST_FILE = DeleteCell/Info.plist;
				LD_RUNPATH_SEARCH_PATHS = "$(inherited) @executable_path/Frameworks";
				PRODUCT_BUNDLE_IDENTIFIER = com.WestCoast.DeleteCell;
				PRODUCT_NAME = "$(TARGET_NAME)";
				TARGETED_DEVICE_FAMILY = "1,2";
			};
			name = Release;
		};
		D79E6DC82010469800086518 /* Debug */ = {
			isa = XCBuildConfiguration;
			buildSettings = {
				BUNDLE_LOADER = "$(TEST_HOST)";
				CODE_SIGN_STYLE = Automatic;
				DEVELOPMENT_TEAM = 44HU6MVQN2;
				INFOPLIST_FILE = DeleteCellTests/Info.plist;
				LD_RUNPATH_SEARCH_PATHS = "$(inherited) @executable_path/Frameworks @loader_path/Frameworks";
				PRODUCT_BUNDLE_IDENTIFIER = com.WestCoast.DeleteCellTests;
				PRODUCT_NAME = "$(TARGET_NAME)";
				TARGETED_DEVICE_FAMILY = "1,2";
				TEST_HOST = "$(BUILT_PRODUCTS_DIR)/DeleteCell.app/DeleteCell";
			};
			name = Debug;
		};
		D79E6DC92010469800086518 /* Release */ = {
			isa = XCBuildConfiguration;
			buildSettings = {
				BUNDLE_LOADER = "$(TEST_HOST)";
				CODE_SIGN_STYLE = Automatic;
				DEVELOPMENT_TEAM = 44HU6MVQN2;
				INFOPLIST_FILE = DeleteCellTests/Info.plist;
				LD_RUNPATH_SEARCH_PATHS = "$(inherited) @executable_path/Frameworks @loader_path/Frameworks";
				PRODUCT_BUNDLE_IDENTIFIER = com.WestCoast.DeleteCellTests;
				PRODUCT_NAME = "$(TARGET_NAME)";
				TARGETED_DEVICE_FAMILY = "1,2";
				TEST_HOST = "$(BUILT_PRODUCTS_DIR)/DeleteCell.app/DeleteCell";
			};
			name = Release;
		};
		D79E6DCB2010469800086518 /* Debug */ = {
			isa = XCBuildConfiguration;
			buildSettings = {
				CODE_SIGN_STYLE = Automatic;
				DEVELOPMENT_TEAM = 44HU6MVQN2;
				INFOPLIST_FILE = DeleteCellUITests/Info.plist;
				LD_RUNPATH_SEARCH_PATHS = "$(inherited) @executable_path/Frameworks @loader_path/Frameworks";
				PRODUCT_BUNDLE_IDENTIFIER = com.WestCoast.DeleteCellUITests;
				PRODUCT_NAME = "$(TARGET_NAME)";
				TARGETED_DEVICE_FAMILY = "1,2";
				TEST_TARGET_NAME = DeleteCell;
			};
			name = Debug;
		};
		D79E6DCC2010469800086518 /* Release */ = {
			isa = XCBuildConfiguration;
			buildSettings = {
				CODE_SIGN_STYLE = Automatic;
				DEVELOPMENT_TEAM = 44HU6MVQN2;
				INFOPLIST_FILE = DeleteCellUITests/Info.plist;
				LD_RUNPATH_SEARCH_PATHS = "$(inherited) @executable_path/Frameworks @loader_path/Frameworks";
				PRODUCT_BUNDLE_IDENTIFIER = com.WestCoast.DeleteCellUITests;
				PRODUCT_NAME = "$(TARGET_NAME)";
				TARGETED_DEVICE_FAMILY = "1,2";
				TEST_TARGET_NAME = DeleteCell;
			};
			name = Release;
		};
/* End XCBuildConfiguration section */

/* Begin XCConfigurationList section */
		D79E6D932010469800086518 /* Build configuration list for PBXProject "DeleteCell" */ = {
			isa = XCConfigurationList;
			buildConfigurations = (
				D79E6DC22010469800086518 /* Debug */,
				D79E6DC32010469800086518 /* Release */,
			);
			defaultConfigurationIsVisible = 0;
			defaultConfigurationName = Release;
		};
		D79E6DC42010469800086518 /* Build configuration list for PBXNativeTarget "DeleteCell" */ = {
			isa = XCConfigurationList;
			buildConfigurations = (
				D79E6DC52010469800086518 /* Debug */,
				D79E6DC62010469800086518 /* Release */,
			);
			defaultConfigurationIsVisible = 0;
			defaultConfigurationName = Release;
		};
		D79E6DC72010469800086518 /* Build configuration list for PBXNativeTarget "DeleteCellTests" */ = {
			isa = XCConfigurationList;
			buildConfigurations = (
				D79E6DC82010469800086518 /* Debug */,
				D79E6DC92010469800086518 /* Release */,
			);
			defaultConfigurationIsVisible = 0;
			defaultConfigurationName = Release;
		};
		D79E6DCA2010469800086518 /* Build configuration list for PBXNativeTarget "DeleteCellUITests" */ = {
			isa = XCConfigurationList;
			buildConfigurations = (
				D79E6DCB2010469800086518 /* Debug */,
				D79E6DCC2010469800086518 /* Release */,
			);
			defaultConfigurationIsVisible = 0;
			defaultConfigurationName = Release;
		};
/* End XCConfigurationList section */
	};
	rootObject = D79E6D902010469800086518 /* Project object */;
}
