// !$*UTF8*$!
{
	archiveVersion = 1;
	classes = {
	};
	objectVersion = 48;
	objects = {

/* Begin PBXBuildFile section */
		D79E3BE22063AFD50018FAD9 /* AppDelegate.m in Sources */ = {isa = PBXBuildFile; fileRef = D79E3BE12063AFD50018FAD9 /* AppDelegate.m */; };
		D79E3BE52063AFD50018FAD9 /* ViewController.m in Sources */ = {isa = PBXBuildFile; fileRef = D79E3BE42063AFD50018FAD9 /* ViewController.m */; };
		D79E3BE82063AFD50018FAD9 /* Main.storyboard in Resources */ = {isa = PBXBuildFile; fileRef = D79E3BE62063AFD50018FAD9 /* Main.storyboard */; };
		D79E3BEA2063AFD50018FAD9 /* Assets.xcassets in Resources */ = {isa = PBXBuildFile; fileRef = D79E3BE92063AFD50018FAD9 /* Assets.xcassets */; };
		D79E3BED2063AFD50018FAD9 /* LaunchScreen.storyboard in Resources */ = {isa = PBXBuildFile; fileRef = D79E3BEB2063AFD50018FAD9 /* LaunchScreen.storyboard */; };
		D79E3BF02063AFD50018FAD9 /* main.m in Sources */ = {isa = PBXBuildFile; fileRef = D79E3BEF2063AFD50018FAD9 /* main.m */; };
		D79E3BFA2063AFD50018FAD9 /* RuntimeDemoTests.m in Sources */ = {isa = PBXBuildFile; fileRef = D79E3BF92063AFD50018FAD9 /* RuntimeDemoTests.m */; };
		D79E3C052063AFD50018FAD9 /* RuntimeDemoUITests.m in Sources */ = {isa = PBXBuildFile; fileRef = D79E3C042063AFD50018FAD9 /* RuntimeDemoUITests.m */; };
		D79E3C152063AFF00018FAD9 /* NSObject+Runtime.m in Sources */ = {isa = PBXBuildFile; fileRef = D79E3C142063AFF00018FAD9 /* NSObject+Runtime.m */; };
/* End PBXBuildFile section */

/* Begin PBXContainerItemProxy section */
		D79E3BF62063AFD50018FAD9 /* PBXContainerItemProxy */ = {
			isa = PBXContainerItemProxy;
			containerPortal = D79E3BD52063AFD40018FAD9 /* Project object */;
			proxyType = 1;
			remoteGlobalIDString = D79E3BDC2063AFD50018FAD9;
			remoteInfo = RuntimeDemo;
		};
		D79E3C012063AFD50018FAD9 /* PBXContainerItemProxy */ = {
			isa = PBXContainerItemProxy;
			containerPortal = D79E3BD52063AFD40018FAD9 /* Project object */;
			proxyType = 1;
			remoteGlobalIDString = D79E3BDC2063AFD50018FAD9;
			remoteInfo = RuntimeDemo;
		};
/* End PBXContainerItemProxy section */

/* Begin PBXFileReference section */
		D79E3BDD2063AFD50018FAD9 /* RuntimeDemo.app */ = {isa = PBXFileReference; explicitFileType = wrapper.application; includeInIndex = 0; path = RuntimeDemo.app; sourceTree = BUILT_PRODUCTS_DIR; };
		D79E3BE02063AFD50018FAD9 /* AppDelegate.h */ = {isa = PBXFileReference; lastKnownFileType = sourcecode.c.h; path = AppDelegate.h; sourceTree = "<group>"; };
		D79E3BE12063AFD50018FAD9 /* AppDelegate.m */ = {isa = PBXFileReference; lastKnownFileType = sourcecode.c.objc; path = AppDelegate.m; sourceTree = "<group>"; };
		D79E3BE32063AFD50018FAD9 /* ViewController.h */ = {isa = PBXFileReference; lastKnownFileType = sourcecode.c.h; path = ViewController.h; sourceTree = "<group>"; };
		D79E3BE42063AFD50018FAD9 /* ViewController.m */ = {isa = PBXFileReference; lastKnownFileType = sourcecode.c.objc; path = ViewController.m; sourceTree = "<group>"; };
		D79E3BE72063AFD50018FAD9 /* Base */ = {isa = PBXFileReference; lastKnownFileType = file.storyboard; name = Base; path = Base.lproj/Main.storyboard; sourceTree = "<group>"; };
		D79E3BE92063AFD50018FAD9 /* Assets.xcassets */ = {isa = PBXFileReference; lastKnownFileType = folder.assetcatalog; path = Assets.xcassets; sourceTree = "<group>"; };
		D79E3BEC2063AFD50018FAD9 /* Base */ = {isa = PBXFileReference; lastKnownFileType = file.storyboard; name = Base; path = Base.lproj/LaunchScreen.storyboard; sourceTree = "<group>"; };
		D79E3BEE2063AFD50018FAD9 /* Info.plist */ = {isa = PBXFileReference; lastKnownFileType = text.plist.xml; path = Info.plist; sourceTree = "<group>"; };
		D79E3BEF2063AFD50018FAD9 /* main.m */ = {isa = PBXFileReference; lastKnownFileType = sourcecode.c.objc; path = main.m; sourceTree = "<group>"; };
		D79E3BF52063AFD50018FAD9 /* RuntimeDemoTests.xctest */ = {isa = PBXFileReference; explicitFileType = wrapper.cfbundle; includeInIndex = 0; path = RuntimeDemoTests.xctest; sourceTree = BUILT_PRODUCTS_DIR; };
		D79E3BF92063AFD50018FAD9 /* RuntimeDemoTests.m */ = {isa = PBXFileReference; lastKnownFileType = sourcecode.c.objc; path = RuntimeDemoTests.m; sourceTree = "<group>"; };
		D79E3BFB2063AFD50018FAD9 /* Info.plist */ = {isa = PBXFileReference; lastKnownFileType = text.plist.xml; path = Info.plist; sourceTree = "<group>"; };
		D79E3C002063AFD50018FAD9 /* RuntimeDemoUITests.xctest */ = {isa = PBXFileReference; explicitFileType = wrapper.cfbundle; includeInIndex = 0; path = RuntimeDemoUITests.xctest; sourceTree = BUILT_PRODUCTS_DIR; };
		D79E3C042063AFD50018FAD9 /* RuntimeDemoUITests.m */ = {isa = PBXFileReference; lastKnownFileType = sourcecode.c.objc; path = RuntimeDemoUITests.m; sourceTree = "<group>"; };
		D79E3C062063AFD50018FAD9 /* Info.plist */ = {isa = PBXFileReference; lastKnownFileType = text.plist.xml; path = Info.plist; sourceTree = "<group>"; };
		D79E3C132063AFF00018FAD9 /* NSObject+Runtime.h */ = {isa = PBXFileReference; lastKnownFileType = sourcecode.c.h; path = "NSObject+Runtime.h"; sourceTree = "<group>"; };
		D79E3C142063AFF00018FAD9 /* NSObject+Runtime.m */ = {isa = PBXFileReference; lastKnownFileType = sourcecode.c.objc; path = "NSObject+Runtime.m"; sourceTree = "<group>"; };
/* End PBXFileReference section */

/* Begin PBXFrameworksBuildPhase section */
		D79E3BDA2063AFD50018FAD9 /* Frameworks */ = {
			isa = PBXFrameworksBuildPhase;
			buildActionMask = 2147483647;
			files = (
			);
			runOnlyForDeploymentPostprocessing = 0;
		};
		D79E3BF22063AFD50018FAD9 /* Frameworks */ = {
			isa = PBXFrameworksBuildPhase;
			buildActionMask = 2147483647;
			files = (
			);
			runOnlyForDeploymentPostprocessing = 0;
		};
		D79E3BFD2063AFD50018FAD9 /* Frameworks */ = {
			isa = PBXFrameworksBuildPhase;
			buildActionMask = 2147483647;
			files = (
			);
			runOnlyForDeploymentPostprocessing = 0;
		};
/* End PBXFrameworksBuildPhase section */

/* Begin PBXGroup section */
		D79E3BD42063AFD40018FAD9 = {
			isa = PBXGroup;
			children = (
				D79E3BDF2063AFD50018FAD9 /* RuntimeDemo */,
				D79E3BF82063AFD50018FAD9 /* RuntimeDemoTests */,
				D79E3C032063AFD50018FAD9 /* RuntimeDemoUITests */,
				D79E3BDE2063AFD50018FAD9 /* Products */,
			);
			sourceTree = "<group>";
		};
		D79E3BDE2063AFD50018FAD9 /* Products */ = {
			isa = PBXGroup;
			children = (
				D79E3BDD2063AFD50018FAD9 /* RuntimeDemo.app */,
				D79E3BF52063AFD50018FAD9 /* RuntimeDemoTests.xctest */,
				D79E3C002063AFD50018FAD9 /* RuntimeDemoUITests.xctest */,
			);
			name = Products;
			sourceTree = "<group>";
		};
		D79E3BDF2063AFD50018FAD9 /* RuntimeDemo */ = {
			isa = PBXGroup;
			children = (
				D79E3C122063AFDC0018FAD9 /* Runtime */,
				D79E3BE02063AFD50018FAD9 /* AppDelegate.h */,
				D79E3BE12063AFD50018FAD9 /* AppDelegate.m */,
				D79E3BE32063AFD50018FAD9 /* ViewController.h */,
				D79E3BE42063AFD50018FAD9 /* ViewController.m */,
				D79E3BE62063AFD50018FAD9 /* Main.storyboard */,
				D79E3BE92063AFD50018FAD9 /* Assets.xcassets */,
				D79E3BEB2063AFD50018FAD9 /* LaunchScreen.storyboard */,
				D79E3BEE2063AFD50018FAD9 /* Info.plist */,
				D79E3BEF2063AFD50018FAD9 /* main.m */,
			);
			path = RuntimeDemo;
			sourceTree = "<group>";
		};
		D79E3BF82063AFD50018FAD9 /* RuntimeDemoTests */ = {
			isa = PBXGroup;
			children = (
				D79E3BF92063AFD50018FAD9 /* RuntimeDemoTests.m */,
				D79E3BFB2063AFD50018FAD9 /* Info.plist */,
			);
			path = RuntimeDemoTests;
			sourceTree = "<group>";
		};
		D79E3C032063AFD50018FAD9 /* RuntimeDemoUITests */ = {
			isa = PBXGroup;
			children = (
				D79E3C042063AFD50018FAD9 /* RuntimeDemoUITests.m */,
				D79E3C062063AFD50018FAD9 /* Info.plist */,
			);
			path = RuntimeDemoUITests;
			sourceTree = "<group>";
		};
		D79E3C122063AFDC0018FAD9 /* Runtime */ = {
			isa = PBXGroup;
			children = (
				D79E3C132063AFF00018FAD9 /* NSObject+Runtime.h */,
				D79E3C142063AFF00018FAD9 /* NSObject+Runtime.m */,
			);
			path = Runtime;
			sourceTree = "<group>";
		};
/* End PBXGroup section */

/* Begin PBXNativeTarget section */
		D79E3BDC2063AFD50018FAD9 /* RuntimeDemo */ = {
			isa = PBXNativeTarget;
			buildConfigurationList = D79E3C092063AFD50018FAD9 /* Build configuration list for PBXNativeTarget "RuntimeDemo" */;
			buildPhases = (
				D79E3BD92063AFD50018FAD9 /* Sources */,
				D79E3BDA2063AFD50018FAD9 /* Frameworks */,
				D79E3BDB2063AFD50018FAD9 /* Resources */,
			);
			buildRules = (
			);
			dependencies = (
			);
			name = RuntimeDemo;
			productName = RuntimeDemo;
			productReference = D79E3BDD2063AFD50018FAD9 /* RuntimeDemo.app */;
			productType = "com.apple.product-type.application";
		};
		D79E3BF42063AFD50018FAD9 /* RuntimeDemoTests */ = {
			isa = PBXNativeTarget;
			buildConfigurationList = D79E3C0C2063AFD50018FAD9 /* Build configuration list for PBXNativeTarget "RuntimeDemoTests" */;
			buildPhases = (
				D79E3BF12063AFD50018FAD9 /* Sources */,
				D79E3BF22063AFD50018FAD9 /* Frameworks */,
				D79E3BF32063AFD50018FAD9 /* Resources */,
			);
			buildRules = (
			);
			dependencies = (
				D79E3BF72063AFD50018FAD9 /* PBXTargetDependency */,
			);
			name = RuntimeDemoTests;
			productName = RuntimeDemoTests;
			productReference = D79E3BF52063AFD50018FAD9 /* RuntimeDemoTests.xctest */;
			productType = "com.apple.product-type.bundle.unit-test";
		};
		D79E3BFF2063AFD50018FAD9 /* RuntimeDemoUITests */ = {
			isa = PBXNativeTarget;
			buildConfigurationList = D79E3C0F2063AFD50018FAD9 /* Build configuration list for PBXNativeTarget "RuntimeDemoUITests" */;
			buildPhases = (
				D79E3BFC2063AFD50018FAD9 /* Sources */,
				D79E3BFD2063AFD50018FAD9 /* Frameworks */,
				D79E3BFE2063AFD50018FAD9 /* Resources */,
			);
			buildRules = (
			);
			dependencies = (
				D79E3C022063AFD50018FAD9 /* PBXTargetDependency */,
			);
			name = RuntimeDemoUITests;
			productName = RuntimeDemoUITests;
			productReference = D79E3C002063AFD50018FAD9 /* RuntimeDemoUITests.xctest */;
			productType = "com.apple.product-type.bundle.ui-testing";
		};
/* End PBXNativeTarget section */

/* Begin PBXProject section */
		D79E3BD52063AFD40018FAD9 /* Project object */ = {
			isa = PBXProject;
			attributes = {
				LastUpgradeCheck = 0920;
				ORGANIZATIONNAME = dev;
				TargetAttributes = {
					D79E3BDC2063AFD50018FAD9 = {
						CreatedOnToolsVersion = 9.2;
						ProvisioningStyle = Automatic;
					};
					D79E3BF42063AFD50018FAD9 = {
						CreatedOnToolsVersion = 9.2;
						ProvisioningStyle = Automatic;
						TestTargetID = D79E3BDC2063AFD50018FAD9;
					};
					D79E3BFF2063AFD50018FAD9 = {
						CreatedOnToolsVersion = 9.2;
						ProvisioningStyle = Automatic;
						TestTargetID = D79E3BDC2063AFD50018FAD9;
					};
				};
			};
			buildConfigurationList = D79E3BD82063AFD40018FAD9 /* Build configuration list for PBXProject "RuntimeDemo" */;
			compatibilityVersion = "Xcode 8.0";
			developmentRegion = en;
			hasScannedForEncodings = 0;
			knownRegions = (
				en,
				Base,
			);
			mainGroup = D79E3BD42063AFD40018FAD9;
			productRefGroup = D79E3BDE2063AFD50018FAD9 /* Products */;
			projectDirPath = "";
			projectRoot = "";
			targets = (
				D79E3BDC2063AFD50018FAD9 /* RuntimeDemo */,
				D79E3BF42063AFD50018FAD9 /* RuntimeDemoTests */,
				D79E3BFF2063AFD50018FAD9 /* RuntimeDemoUITests */,
			);
		};
/* End PBXProject section */

/* Begin PBXResourcesBuildPhase section */
		D79E3BDB2063AFD50018FAD9 /* Resources */ = {
			isa = PBXResourcesBuildPhase;
			buildActionMask = 2147483647;
			files = (
				D79E3BED2063AFD50018FAD9 /* LaunchScreen.storyboard in Resources */,
				D79E3BEA2063AFD50018FAD9 /* Assets.xcassets in Resources */,
				D79E3BE82063AFD50018FAD9 /* Main.storyboard in Resources */,
			);
			runOnlyForDeploymentPostprocessing = 0;
		};
		D79E3BF32063AFD50018FAD9 /* Resources */ = {
			isa = PBXResourcesBuildPhase;
			buildActionMask = 2147483647;
			files = (
			);
			runOnlyForDeploymentPostprocessing = 0;
		};
		D79E3BFE2063AFD50018FAD9 /* Resources */ = {
			isa = PBXResourcesBuildPhase;
			buildActionMask = 2147483647;
			files = (
			);
			runOnlyForDeploymentPostprocessing = 0;
		};
/* End PBXResourcesBuildPhase section */

/* Begin PBXSourcesBuildPhase section */
		D79E3BD92063AFD50018FAD9 /* Sources */ = {
			isa = PBXSourcesBuildPhase;
			buildActionMask = 2147483647;
			files = (
				D79E3C152063AFF00018FAD9 /* NSObject+Runtime.m in Sources */,
				D79E3BE52063AFD50018FAD9 /* ViewController.m in Sources */,
				D79E3BF02063AFD50018FAD9 /* main.m in Sources */,
				D79E3BE22063AFD50018FAD9 /* AppDelegate.m in Sources */,
			);
			runOnlyForDeploymentPostprocessing = 0;
		};
		D79E3BF12063AFD50018FAD9 /* Sources */ = {
			isa = PBXSourcesBuildPhase;
			buildActionMask = 2147483647;
			files = (
				D79E3BFA2063AFD50018FAD9 /* RuntimeDemoTests.m in Sources */,
			);
			runOnlyForDeploymentPostprocessing = 0;
		};
		D79E3BFC2063AFD50018FAD9 /* Sources */ = {
			isa = PBXSourcesBuildPhase;
			buildActionMask = 2147483647;
			files = (
				D79E3C052063AFD50018FAD9 /* RuntimeDemoUITests.m in Sources */,
			);
			runOnlyForDeploymentPostprocessing = 0;
		};
/* End PBXSourcesBuildPhase section */

/* Begin PBXTargetDependency section */
		D79E3BF72063AFD50018FAD9 /* PBXTargetDependency */ = {
			isa = PBXTargetDependency;
			target = D79E3BDC2063AFD50018FAD9 /* RuntimeDemo */;
			targetProxy = D79E3BF62063AFD50018FAD9 /* PBXContainerItemProxy */;
		};
		D79E3C022063AFD50018FAD9 /* PBXTargetDependency */ = {
			isa = PBXTargetDependency;
			target = D79E3BDC2063AFD50018FAD9 /* RuntimeDemo */;
			targetProxy = D79E3C012063AFD50018FAD9 /* PBXContainerItemProxy */;
		};
/* End PBXTargetDependency section */

/* Begin PBXVariantGroup section */
		D79E3BE62063AFD50018FAD9 /* Main.storyboard */ = {
			isa = PBXVariantGroup;
			children = (
				D79E3BE72063AFD50018FAD9 /* Base */,
			);
			name = Main.storyboard;
			sourceTree = "<group>";
		};
		D79E3BEB2063AFD50018FAD9 /* LaunchScreen.storyboard */ = {
			isa = PBXVariantGroup;
			children = (
				D79E3BEC2063AFD50018FAD9 /* Base */,
			);
			name = LaunchScreen.storyboard;
			sourceTree = "<group>";
		};
/* End PBXVariantGroup section */

/* Begin XCBuildConfiguration section */
		D79E3C072063AFD50018FAD9 /* Debug */ = {
			isa = XCBuildConfiguration;
			buildSettings = {
				ALWAYS_SEARCH_USER_PATHS = NO;
				CLANG_ANALYZER_NONNULL = YES;
				CLANG_ANALYZER_NUMBER_OBJECT_CONVERSION = YES_AGGRESSIVE;
				CLANG_CXX_LANGUAGE_STANDARD = "gnu++14";
				CLANG_CXX_LIBRARY = "libc++";
				CLANG_ENABLE_MODULES = YES;
				CLANG_ENABLE_OBJC_ARC = YES;
				CLANG_WARN_BLOCK_CAPTURE_AUTORELEASING = YES;
				CLANG_WARN_BOOL_CONVERSION = YES;
				CLANG_WARN_COMMA = YES;
				CLANG_WARN_CONSTANT_CONVERSION = YES;
				CLANG_WARN_DIRECT_OBJC_ISA_USAGE = YES_ERROR;
				CLANG_WARN_DOCUMENTATION_COMMENTS = YES;
				CLANG_WARN_EMPTY_BODY = YES;
				CLANG_WARN_ENUM_CONVERSION = YES;
				CLANG_WARN_INFINITE_RECURSION = YES;
				CLANG_WARN_INT_CONVERSION = YES;
				CLANG_WARN_NON_LITERAL_NULL_CONVERSION = YES;
				CLANG_WARN_OBJC_LITERAL_CONVERSION = YES;
				CLANG_WARN_OBJC_ROOT_CLASS = YES_ERROR;
				CLANG_WARN_RANGE_LOOP_ANALYSIS = YES;
				CLANG_WARN_STRICT_PROTOTYPES = YES;
				CLANG_WARN_SUSPICIOUS_MOVE = YES;
				CLANG_WARN_UNGUARDED_AVAILABILITY = YES_AGGRESSIVE;
				CLANG_WARN_UNREACHABLE_CODE = YES;
				CLANG_WARN__DUPLICATE_METHOD_MATCH = YES;
				CODE_SIGN_IDENTITY = "iPhone Developer";
				COPY_PHASE_STRIP = NO;
				DEBUG_INFORMATION_FORMAT = dwarf;
				ENABLE_STRICT_OBJC_MSGSEND = YES;
				ENABLE_TESTABILITY = YES;
				GCC_C_LANGUAGE_STANDARD = gnu11;
				GCC_DYNAMIC_NO_PIC = NO;
				GCC_NO_COMMON_BLOCKS = YES;
				GCC_OPTIMIZATION_LEVEL = 0;
				GCC_PREPROCESSOR_DEFINITIONS = (
					"DEBUG=1",
					"$(inherited)",
				);
				GCC_WARN_64_TO_32_BIT_CONVERSION = YES;
				GCC_WARN_ABOUT_RETURN_TYPE = YES_ERROR;
				GCC_WARN_UNDECLARED_SELECTOR = YES;
				GCC_WARN_UNINITIALIZED_AUTOS = YES_AGGRESSIVE;
				GCC_WARN_UNUSED_FUNCTION = YES;
				GCC_WARN_UNUSED_VARIABLE = YES;
				IPHONEOS_DEPLOYMENT_TARGET = 11.2;
				MTL_ENABLE_DEBUG_INFO = YES;
				ONLY_ACTIVE_ARCH = YES;
				SDKROOT = iphoneos;
			};
			name = Debug;
		};
		D79E3C082063AFD50018FAD9 /* Release */ = {
			isa = XCBuildConfiguration;
			buildSettings = {
				ALWAYS_SEARCH_USER_PATHS = NO;
				CLANG_ANALYZER_NONNULL = YES;
				CLANG_ANALYZER_NUMBER_OBJECT_CONVERSION = YES_AGGRESSIVE;
				CLANG_CXX_LANGUAGE_STANDARD = "gnu++14";
				CLANG_CXX_LIBRARY = "libc++";
				CLANG_ENABLE_MODULES = YES;
				CLANG_ENABLE_OBJC_ARC = YES;
				CLANG_WARN_BLOCK_CAPTURE_AUTORELEASING = YES;
				CLANG_WARN_BOOL_CONVERSION = YES;
				CLANG_WARN_COMMA = YES;
				CLANG_WARN_CONSTANT_CONVERSION = YES;
				CLANG_WARN_DIRECT_OBJC_ISA_USAGE = YES_ERROR;
				CLANG_WARN_DOCUMENTATION_COMMENTS = YES;
				CLANG_WARN_EMPTY_BODY = YES;
				CLANG_WARN_ENUM_CONVERSION = YES;
				CLANG_WARN_INFINITE_RECURSION = YES;
				CLANG_WARN_INT_CONVERSION = YES;
				CLANG_WARN_NON_LITERAL_NULL_CONVERSION = YES;
				CLANG_WARN_OBJC_LITERAL_CONVERSION = YES;
				CLANG_WARN_OBJC_ROOT_CLASS = YES_ERROR;
				CLANG_WARN_RANGE_LOOP_ANALYSIS = YES;
				CLANG_WARN_STRICT_PROTOTYPES = YES;
				CLANG_WARN_SUSPICIOUS_MOVE = YES;
				CLANG_WARN_UNGUARDED_AVAILABILITY = YES_AGGRESSIVE;
				CLANG_WARN_UNREACHABLE_CODE = YES;
				CLANG_WARN__DUPLICATE_METHOD_MATCH = YES;
				CODE_SIGN_IDENTITY = "iPhone Developer";
				COPY_PHASE_STRIP = NO;
				DEBUG_INFORMATION_FORMAT = "dwarf-with-dsym";
				ENABLE_NS_ASSERTIONS = NO;
				ENABLE_STRICT_OBJC_MSGSEND = YES;
				GCC_C_LANGUAGE_STANDARD = gnu11;
				GCC_NO_COMMON_BLOCKS = YES;
				GCC_WARN_64_TO_32_BIT_CONVERSION = YES;
				GCC_WARN_ABOUT_RETURN_TYPE = YES_ERROR;
				GCC_WARN_UNDECLARED_SELECTOR = YES;
				GCC_WARN_UNINITIALIZED_AUTOS = YES_AGGRESSIVE;
				GCC_WARN_UNUSED_FUNCTION = YES;
				GCC_WARN_UNUSED_VARIABLE = YES;
				IPHONEOS_DEPLOYMENT_TARGET = 11.2;
				MTL_ENABLE_DEBUG_INFO = NO;
				SDKROOT = iphoneos;
				VALIDATE_PRODUCT = YES;
			};
			name = Release;
		};
		D79E3C0A2063AFD50018FAD9 /* Debug */ = {
			isa = XCBuildConfiguration;
			buildSettings = {
				ASSETCATALOG_COMPILER_APPICON_NAME = AppIcon;
				CODE_SIGN_STYLE = Automatic;
				DEVELOPMENT_TEAM = 44HU6MVQN2;
				INFOPLIST_FILE = RuntimeDemo/Info.plist;
				LD_RUNPATH_SEARCH_PATHS = "$(inherited) @executable_path/Frameworks";
				PRODUCT_BUNDLE_IDENTIFIER = com.WestCoast.RuntimeDemo;
				PRODUCT_NAME = "$(TARGET_NAME)";
				TARGETED_DEVICE_FAMILY = "1,2";
			};
			name = Debug;
		};
		D79E3C0B2063AFD50018FAD9 /* Release */ = {
			isa = XCBuildConfiguration;
			buildSettings = {
				ASSETCATALOG_COMPILER_APPICON_NAME = AppIcon;
				CODE_SIGN_STYLE = Automatic;
				DEVELOPMENT_TEAM = 44HU6MVQN2;
				INFOPLIST_FILE = RuntimeDemo/Info.plist;
				LD_RUNPATH_SEARCH_PATHS = "$(inherited) @executable_path/Frameworks";
				PRODUCT_BUNDLE_IDENTIFIER = com.WestCoast.RuntimeDemo;
				PRODUCT_NAME = "$(TARGET_NAME)";
				TARGETED_DEVICE_FAMILY = "1,2";
			};
			name = Release;
		};
		D79E3C0D2063AFD50018FAD9 /* Debug */ = {
			isa = XCBuildConfiguration;
			buildSettings = {
				BUNDLE_LOADER = "$(TEST_HOST)";
				CODE_SIGN_STYLE = Automatic;
				DEVELOPMENT_TEAM = 44HU6MVQN2;
				INFOPLIST_FILE = RuntimeDemoTests/Info.plist;
				LD_RUNPATH_SEARCH_PATHS = "$(inherited) @executable_path/Frameworks @loader_path/Frameworks";
				PRODUCT_BUNDLE_IDENTIFIER = com.WestCoast.RuntimeDemoTests;
				PRODUCT_NAME = "$(TARGET_NAME)";
				TARGETED_DEVICE_FAMILY = "1,2";
				TEST_HOST = "$(BUILT_PRODUCTS_DIR)/RuntimeDemo.app/RuntimeDemo";
			};
			name = Debug;
		};
		D79E3C0E2063AFD50018FAD9 /* Release */ = {
			isa = XCBuildConfiguration;
			buildSettings = {
				BUNDLE_LOADER = "$(TEST_HOST)";
				CODE_SIGN_STYLE = Automatic;
				DEVELOPMENT_TEAM = 44HU6MVQN2;
				INFOPLIST_FILE = RuntimeDemoTests/Info.plist;
				LD_RUNPATH_SEARCH_PATHS = "$(inherited) @executable_path/Frameworks @loader_path/Frameworks";
				PRODUCT_BUNDLE_IDENTIFIER = com.WestCoast.RuntimeDemoTests;
				PRODUCT_NAME = "$(TARGET_NAME)";
				TARGETED_DEVICE_FAMILY = "1,2";
				TEST_HOST = "$(BUILT_PRODUCTS_DIR)/RuntimeDemo.app/RuntimeDemo";
			};
			name = Release;
		};
		D79E3C102063AFD50018FAD9 /* Debug */ = {
			isa = XCBuildConfiguration;
			buildSettings = {
				CODE_SIGN_STYLE = Automatic;
				DEVELOPMENT_TEAM = 44HU6MVQN2;
				INFOPLIST_FILE = RuntimeDemoUITests/Info.plist;
				LD_RUNPATH_SEARCH_PATHS = "$(inherited) @executable_path/Frameworks @loader_path/Frameworks";
				PRODUCT_BUNDLE_IDENTIFIER = com.WestCoast.RuntimeDemoUITests;
				PRODUCT_NAME = "$(TARGET_NAME)";
				TARGETED_DEVICE_FAMILY = "1,2";
				TEST_TARGET_NAME = RuntimeDemo;
			};
			name = Debug;
		};
		D79E3C112063AFD50018FAD9 /* Release */ = {
			isa = XCBuildConfiguration;
			buildSettings = {
				CODE_SIGN_STYLE = Automatic;
				DEVELOPMENT_TEAM = 44HU6MVQN2;
				INFOPLIST_FILE = RuntimeDemoUITests/Info.plist;
				LD_RUNPATH_SEARCH_PATHS = "$(inherited) @executable_path/Frameworks @loader_path/Frameworks";
				PRODUCT_BUNDLE_IDENTIFIER = com.WestCoast.RuntimeDemoUITests;
				PRODUCT_NAME = "$(TARGET_NAME)";
				TARGETED_DEVICE_FAMILY = "1,2";
				TEST_TARGET_NAME = RuntimeDemo;
			};
			name = Release;
		};
/* End XCBuildConfiguration section */

/* Begin XCConfigurationList section */
		D79E3BD82063AFD40018FAD9 /* Build configuration list for PBXProject "RuntimeDemo" */ = {
			isa = XCConfigurationList;
			buildConfigurations = (
				D79E3C072063AFD50018FAD9 /* Debug */,
				D79E3C082063AFD50018FAD9 /* Release */,
			);
			defaultConfigurationIsVisible = 0;
			defaultConfigurationName = Release;
		};
		D79E3C092063AFD50018FAD9 /* Build configuration list for PBXNativeTarget "RuntimeDemo" */ = {
			isa = XCConfigurationList;
			buildConfigurations = (
				D79E3C0A2063AFD50018FAD9 /* Debug */,
				D79E3C0B2063AFD50018FAD9 /* Release */,
			);
			defaultConfigurationIsVisible = 0;
			defaultConfigurationName = Release;
		};
		D79E3C0C2063AFD50018FAD9 /* Build configuration list for PBXNativeTarget "RuntimeDemoTests" */ = {
			isa = XCConfigurationList;
			buildConfigurations = (
				D79E3C0D2063AFD50018FAD9 /* Debug */,
				D79E3C0E2063AFD50018FAD9 /* Release */,
			);
			defaultConfigurationIsVisible = 0;
			defaultConfigurationName = Release;
		};
		D79E3C0F2063AFD50018FAD9 /* Build configuration list for PBXNativeTarget "RuntimeDemoUITests" */ = {
			isa = XCConfigurationList;
			buildConfigurations = (
				D79E3C102063AFD50018FAD9 /* Debug */,
				D79E3C112063AFD50018FAD9 /* Release */,
			);
			defaultConfigurationIsVisible = 0;
			defaultConfigurationName = Release;
		};
/* End XCConfigurationList section */
	};
	rootObject = D79E3BD52063AFD40018FAD9 /* Project object */;
}
